
Microsoft Visual Studio Solution File, Format Version 12.00
# Visual Studio Version 16
VisualStudioVersion = 16.0.31515.178
MinimumVisualStudioVersion = 10.0.40219.1
Project("{9A19103F-16F7-4668-BE54-9A1E7A4F7556}") = "Golumn.Core.Windows", "Golumn.Core.Windows\Golumn.Core.Windows.csproj", "{EEE37F97-0B0D-4CFE-95E7-8A55CCE0AB10}"
EndProject
Project("{9A19103F-16F7-4668-BE54-9A1E7A4F7556}") = "Golumn.Core.LogFile", "Golumn.Core.LogFile\Golumn.Core.LogFile.csproj", "{22CC7CBA-4280-4AB2-8C5E-4BC0A0E8E6FB}"
EndProject
Project("{9A19103F-16F7-4668-BE54-9A1E7A4F7556}") = "Golumn.Core.Console", "Golumn.Core.Console\Golumn.Core.Console.csproj", "{2FFC6125-20B1-4D40-BF1A-F84B811AF77D}"
EndProject
Project("{9A19103F-16F7-4668-BE54-9A1E7A4F7556}") = "Golumn.Core.Data", "Golumn.Core.Data\Golumn.Core.Data.csproj", "{2173C01F-570D-4C3D-84D0-9CC67FB849DE}"
EndProject
Project("{9A19103F-16F7-4668-BE54-9A1E7A4F7556}") = "Golumn.Core.Domain", "Golumn.Core.Domain\Golumn.Core.Domain.csproj", "{6DF1E8A4-D7A2-448A-84C7-6F5277BC7164}"
EndProject
Project("{9A19103F-16F7-4668-BE54-9A1E7A4F7556}") = "Golumn.Core.Service", "Golumn.Core.Service\Golumn.Core.Service.csproj", "{D1FBF1CC-8CCE-43FA-B563-5502E2F0F436}"
EndProject
Project("{9A19103F-16F7-4668-BE54-9A1E7A4F7556}") = "PR.ADO.Core.Data", "PR.ADO.Core.Data\PR.ADO.Core.Data.csproj", "{4F0D88D3-3582-4DAD-A7F4-194869B95FEF}"
EndProject
Project("{9A19103F-16F7-4668-BE54-9A1E7A4F7556}") = "PR.ADO.Core.Domain", "PR.ADO.Core.Domain\PR.ADO.Core.Domain.csproj", "{698CF0B9-8317-433C-A298-D3B2268A2F19}"
EndProject
Project("{9A19103F-16F7-4668-BE54-9A1E7A4F7556}") = "PR.ADO.Core.Console", "PR.Ado.Core.Console\PR.ADO.Core.Console.csproj", "{371AAE44-B65E-4F80-A11E-EAA8422051F1}"
EndProject
Project("{9A19103F-16F7-4668-BE54-9A1E7A4F7556}") = "Golumn.Core.Common", "Golumn.Core.Common\Golumn.Core.Common.csproj", "{971CB8D7-2326-4AB4-8970-BF3ACD9B10D9}"
EndProject
Project("{9A19103F-16F7-4668-BE54-9A1E7A4F7556}") = "PR.Ado.Core.Service", "PR.Ado.Core.Service\PR.Ado.Core.Service.csproj", "{AE090B30-F035-4489-9693-F7C567392BF9}"
EndProject
Global
	GlobalSection(SolutionConfigurationPlatforms) = preSolution
		Debug|Any CPU = Debug|Any CPU
		Release|Any CPU = Release|Any CPU
	EndGlobalSection
	GlobalSection(ProjectConfigurationPlatforms) = postSolution
		{EEE37F97-0B0D-4CFE-95E7-8A55CCE0AB10}.Debug|Any CPU.ActiveCfg = Debug|Any CPU
		{EEE37F97-0B0D-4CFE-95E7-8A55CCE0AB10}.Debug|Any CPU.Build.0 = Debug|Any CPU
		{EEE37F97-0B0D-4CFE-95E7-8A55CCE0AB10}.Release|Any CPU.ActiveCfg = Release|Any CPU
		{EEE37F97-0B0D-4CFE-95E7-8A55CCE0AB10}.Release|Any CPU.Build.0 = Release|Any CPU
		{22CC7CBA-4280-4AB2-8C5E-4BC0A0E8E6FB}.Debug|Any CPU.ActiveCfg = Debug|Any CPU
		{22CC7CBA-4280-4AB2-8C5E-4BC0A0E8E6FB}.Debug|Any CPU.Build.0 = Debug|Any CPU
		{22CC7CBA-4280-4AB2-8C5E-4BC0A0E8E6FB}.Release|Any CPU.ActiveCfg = Release|Any CPU
		{22CC7CBA-4280-4AB2-8C5E-4BC0A0E8E6FB}.Release|Any CPU.Build.0 = Release|Any CPU
		{2FFC6125-20B1-4D40-BF1A-F84B811AF77D}.Debug|Any CPU.ActiveCfg = Debug|Any CPU
		{2FFC6125-20B1-4D40-BF1A-F84B811AF77D}.Debug|Any CPU.Build.0 = Debug|Any CPU
		{2FFC6125-20B1-4D40-BF1A-F84B811AF77D}.Release|Any CPU.ActiveCfg = Release|Any CPU
		{2FFC6125-20B1-4D40-BF1A-F84B811AF77D}.Release|Any CPU.Build.0 = Release|Any CPU
		{2173C01F-570D-4C3D-84D0-9CC67FB849DE}.Debug|Any CPU.ActiveCfg = Debug|Any CPU
		{2173C01F-570D-4C3D-84D0-9CC67FB849DE}.Debug|Any CPU.Build.0 = Debug|Any CPU
		{2173C01F-570D-4C3D-84D0-9CC67FB849DE}.Release|Any CPU.ActiveCfg = Release|Any CPU
		{2173C01F-570D-4C3D-84D0-9CC67FB849DE}.Release|Any CPU.Build.0 = Release|Any CPU
		{6DF1E8A4-D7A2-448A-84C7-6F5277BC7164}.Debug|Any CPU.ActiveCfg = Debug|Any CPU
		{6DF1E8A4-D7A2-448A-84C7-6F5277BC7164}.Debug|Any CPU.Build.0 = Debug|Any CPU
		{6DF1E8A4-D7A2-448A-84C7-6F5277BC7164}.Release|Any CPU.ActiveCfg = Release|Any CPU
		{6DF1E8A4-D7A2-448A-84C7-6F5277BC7164}.Release|Any CPU.Build.0 = Release|Any CPU
		{D1FBF1CC-8CCE-43FA-B563-5502E2F0F436}.Debug|Any CPU.ActiveCfg = Debug|Any CPU
		{D1FBF1CC-8CCE-43FA-B563-5502E2F0F436}.Debug|Any CPU.Build.0 = Debug|Any CPU
		{D1FBF1CC-8CCE-43FA-B563-5502E2F0F436}.Release|Any CPU.ActiveCfg = Release|Any CPU
		{D1FBF1CC-8CCE-43FA-B563-5502E2F0F436}.Release|Any CPU.Build.0 = Release|Any CPU
		{4F0D88D3-3582-4DAD-A7F4-194869B95FEF}.Debug|Any CPU.ActiveCfg = Debug|Any CPU
		{4F0D88D3-3582-4DAD-A7F4-194869B95FEF}.Debug|Any CPU.Build.0 = Debug|Any CPU
		{4F0D88D3-3582-4DAD-A7F4-194869B95FEF}.Release|Any CPU.ActiveCfg = Release|Any CPU
		{4F0D88D3-3582-4DAD-A7F4-194869B95FEF}.Release|Any CPU.Build.0 = Release|Any CPU
		{698CF0B9-8317-433C-A298-D3B2268A2F19}.Debug|Any CPU.ActiveCfg = Debug|Any CPU
		{698CF0B9-8317-433C-A298-D3B2268A2F19}.Debug|Any CPU.Build.0 = Debug|Any CPU
		{698CF0B9-8317-433C-A298-D3B2268A2F19}.Release|Any CPU.ActiveCfg = Release|Any CPU
		{698CF0B9-8317-433C-A298-D3B2268A2F19}.Release|Any CPU.Build.0 = Release|Any CPU
		{371AAE44-B65E-4F80-A11E-EAA8422051F1}.Debug|Any CPU.ActiveCfg = Debug|Any CPU
		{371AAE44-B65E-4F80-A11E-EAA8422051F1}.Debug|Any CPU.Build.0 = Debug|Any CPU
		{371AAE44-B65E-4F80-A11E-EAA8422051F1}.Release|Any CPU.ActiveCfg = Release|Any CPU
		{371AAE44-B65E-4F80-A11E-EAA8422051F1}.Release|Any CPU.Build.0 = Release|Any CPU
		{971CB8D7-2326-4AB4-8970-BF3ACD9B10D9}.Debug|Any CPU.ActiveCfg = Debug|Any CPU
		{971CB8D7-2326-4AB4-8970-BF3ACD9B10D9}.Debug|Any CPU.Build.0 = Debug|Any CPU
		{971CB8D7-2326-4AB4-8970-BF3ACD9B10D9}.Release|Any CPU.ActiveCfg = Release|Any CPU
		{971CB8D7-2326-4AB4-8970-BF3ACD9B10D9}.Release|Any CPU.Build.0 = Release|Any CPU
		{AE090B30-F035-4489-9693-F7C567392BF9}.Debug|Any CPU.ActiveCfg = Debug|Any CPU
		{AE090B30-F035-4489-9693-F7C567392BF9}.Debug|Any CPU.Build.0 = Debug|Any CPU
		{AE090B30-F035-4489-9693-F7C567392BF9}.Release|Any CPU.ActiveCfg = Release|Any CPU
		{AE090B30-F035-4489-9693-F7C567392BF9}.Release|Any CPU.Build.0 = Release|Any CPU
	EndGlobalSection
	GlobalSection(SolutionProperties) = preSolution
		HideSolutionNode = FALSE
	EndGlobalSection
	GlobalSection(ExtensibilityGlobals) = postSolution
		SolutionGuid = {E45F0D82-6C65-4420-833B-6E6333996451}
	EndGlobalSection
EndGlobal
